
Microsoft Visual Studio Solution File, Format Version 12.00
# Visual Studio 2012
Project("{FAE04EC0-301F-11D3-BF4B-00C04F79EFBC}") = "FizzBuzz", "FizzBuzz\FizzBuzz.csproj", "{0D5AADBC-CD85-4A63-9A74-6E2ABD83E5B5}"
EndProject
Global
	GlobalSection(SolutionConfigurationPlatforms) = preSolution
		Debug|Any CPU = Debug|Any CPU
		Release|Any CPU = Release|Any CPU
	EndGlobalSection
	GlobalSection(ProjectConfigurationPlatforms) = postSolution
		{0D5AADBC-CD85-4A63-9A74-6E2ABD83E5B5}.Debug|Any CPU.ActiveCfg = Debug|Any CPU
		{0D5AADBC-CD85-4A63-9A74-6E2ABD83E5B5}.Debug|Any CPU.Build.0 = Debug|Any CPU
		{0D5AADBC-CD85-4A63-9A74-6E2ABD83E5B5}.Release|Any CPU.ActiveCfg = Release|Any CPU
		{0D5AADBC-CD85-4A63-9A74-6E2ABD83E5B5}.Release|Any CPU.Build.0 = Release|Any CPU
	EndGlobalSection
	GlobalSection(SolutionProperties) = preSolution
		HideSolutionNode = FALSE
	EndGlobalSection
EndGlobal
